{
  "name": "the-sauce",
  "version": "1.0.0",
  "lockfileVersion": 1,
  "requires": true,
  "dependencies": {
    "nhentai": {
      "version": "2.1.1",
      "resolved": "https://registry.npmjs.org/nhentai/-/nhentai-2.1.1.tgz",
      "integrity": "sha512-Wd8VB0SBezkyLxR0fy2VBe86toNv9im/cMvif5ekKSEuqkWsm0pUNIhqRM0pD+YTJXiiM4vQnmJ46t2AT0YhnA==",
      "requires": {
        "node-fetch": "^2.6.1"
      }
    },
    "node-fetch": {
      "version": "2.6.1",
      "resolved": "https://registry.npmjs.org/node-fetch/-/node-fetch-2.6.1.tgz",
      "integrity": "sha512-V4aYg89jEoVRxRb2fJdAg8FHvI7cEyYdVAh94HH0UIK8oJxUfkjlDQN9RbMx+bEjP7+ggMiFRprSti032Oipxw=="
    }
  }
}
